
Microsoft Visual Studio Solution File, Format Version 12.00
# Visual Studio 15
VisualStudioVersion = 15.0.27428.2027
MinimumVisualStudioVersion = 10.0.40219.1
Project("{FAE04EC0-301F-11D3-BF4B-00C04F79EFBC}") = "University.Domain", "University.Domain\University.Domain.csproj", "{11CC6263-5204-47B7-8D5D-2042FE3FCCA4}"
EndProject
Project("{FAE04EC0-301F-11D3-BF4B-00C04F79EFBC}") = "University.Infrastructure", "University.Infrastructure\University.Infrastructure.csproj", "{9ADFEF34-64B9-4F70-A7A7-B9EAFF8A786B}"
EndProject
Project("{FAE04EC0-301F-11D3-BF4B-00C04F79EFBC}") = "University.Services", "University.Services\University.Services.csproj", "{78172912-932D-40AD-96E8-4FA1FC28646B}"
EndProject
Project("{FAE04EC0-301F-11D3-BF4B-00C04F79EFBC}") = "University.UI", "University.UI\University.UI.csproj", "{228384CB-4BA6-4645-9084-FCD2F000EC10}"
	ProjectSection(ProjectDependencies) = postProject
		{78172912-932D-40AD-96E8-4FA1FC28646B} = {78172912-932D-40AD-96E8-4FA1FC28646B}
		{9ADFEF34-64B9-4F70-A7A7-B9EAFF8A786B} = {9ADFEF34-64B9-4F70-A7A7-B9EAFF8A786B}
	EndProjectSection
EndProject
Global
	GlobalSection(SolutionConfigurationPlatforms) = preSolution
		Debug|Any CPU = Debug|Any CPU
		Release|Any CPU = Release|Any CPU
	EndGlobalSection
	GlobalSection(ProjectConfigurationPlatforms) = postSolution
		{11CC6263-5204-47B7-8D5D-2042FE3FCCA4}.Debug|Any CPU.ActiveCfg = Debug|Any CPU
		{11CC6263-5204-47B7-8D5D-2042FE3FCCA4}.Debug|Any CPU.Build.0 = Debug|Any CPU
		{11CC6263-5204-47B7-8D5D-2042FE3FCCA4}.Release|Any CPU.ActiveCfg = Release|Any CPU
		{11CC6263-5204-47B7-8D5D-2042FE3FCCA4}.Release|Any CPU.Build.0 = Release|Any CPU
		{9ADFEF34-64B9-4F70-A7A7-B9EAFF8A786B}.Debug|Any CPU.ActiveCfg = Debug|Any CPU
		{9ADFEF34-64B9-4F70-A7A7-B9EAFF8A786B}.Debug|Any CPU.Build.0 = Debug|Any CPU
		{9ADFEF34-64B9-4F70-A7A7-B9EAFF8A786B}.Release|Any CPU.ActiveCfg = Release|Any CPU
		{9ADFEF34-64B9-4F70-A7A7-B9EAFF8A786B}.Release|Any CPU.Build.0 = Release|Any CPU
		{78172912-932D-40AD-96E8-4FA1FC28646B}.Debug|Any CPU.ActiveCfg = Debug|Any CPU
		{78172912-932D-40AD-96E8-4FA1FC28646B}.Debug|Any CPU.Build.0 = Debug|Any CPU
		{78172912-932D-40AD-96E8-4FA1FC28646B}.Release|Any CPU.ActiveCfg = Release|Any CPU
		{78172912-932D-40AD-96E8-4FA1FC28646B}.Release|Any CPU.Build.0 = Release|Any CPU
		{228384CB-4BA6-4645-9084-FCD2F000EC10}.Debug|Any CPU.ActiveCfg = Debug|Any CPU
		{228384CB-4BA6-4645-9084-FCD2F000EC10}.Debug|Any CPU.Build.0 = Debug|Any CPU
		{228384CB-4BA6-4645-9084-FCD2F000EC10}.Release|Any CPU.ActiveCfg = Release|Any CPU
		{228384CB-4BA6-4645-9084-FCD2F000EC10}.Release|Any CPU.Build.0 = Release|Any CPU
	EndGlobalSection
	GlobalSection(SolutionProperties) = preSolution
		HideSolutionNode = FALSE
	EndGlobalSection
	GlobalSection(ExtensibilityGlobals) = postSolution
		SolutionGuid = {DE8F7E03-1E32-4BA2-A466-54B1253E481A}
	EndGlobalSection
EndGlobal
